
Microsoft Visual Studio Solution File, Format Version 12.00
Project("{FAE04EC0-301F-11D3-BF4B-00C04F79EFBC}") = "DockerNoSQL.WebAPI", "DockerNoSQL.WebAPI\DockerNoSQL.WebAPI.csproj", "{1D62A85F-0106-459B-A269-91D501939CA5}"
EndProject
Global
	GlobalSection(SolutionConfigurationPlatforms) = preSolution
		Debug|Any CPU = Debug|Any CPU
		Release|Any CPU = Release|Any CPU
	EndGlobalSection
	GlobalSection(ProjectConfigurationPlatforms) = postSolution
		{1D62A85F-0106-459B-A269-91D501939CA5}.Debug|Any CPU.ActiveCfg = Debug|Any CPU
		{1D62A85F-0106-459B-A269-91D501939CA5}.Debug|Any CPU.Build.0 = Debug|Any CPU
		{1D62A85F-0106-459B-A269-91D501939CA5}.Release|Any CPU.ActiveCfg = Release|Any CPU
		{1D62A85F-0106-459B-A269-91D501939CA5}.Release|Any CPU.Build.0 = Release|Any CPU
	EndGlobalSection
EndGlobal
